
Microsoft Visual Studio Solution File, Format Version 12.00
# Visual Studio 15
VisualStudioVersion = 15.0.27703.2042
MinimumVisualStudioVersion = 10.0.40219.1
Project("{9A19103F-16F7-4668-BE54-9A1E7A4F7556}") = "Coworking.Api", "Coworking.Api\Coworking.Api.csproj", "{60F0DCC6-F2F6-456C-9E79-F36B460FB268}"
EndProject
Project("{2150E333-8FDC-42A3-9474-1A3956D46DE8}") = "1 - Layers", "1 - Layers", "{5594D73C-D80F-47F9-B418-A96C27ADAAD5}"
EndProject
Project("{2150E333-8FDC-42A3-9474-1A3956D46DE8}") = "1.1 Distributed Services", "1.1 Distributed Services", "{1969594E-FC1D-4A5D-8E4F-7B694A366683}"
EndProject
Project("{2150E333-8FDC-42A3-9474-1A3956D46DE8}") = "1.2 Aplicacion", "1.2 Aplicacion", "{97162887-E299-45B5-AB89-258D0EB51879}"
EndProject
Project("{9A19103F-16F7-4668-BE54-9A1E7A4F7556}") = "Coworking.Api.Application", "Coworking.Api.Application\Coworking.Api.Application.csproj", "{F2311B56-98C0-4508-A5C4-81B1FB6A0DB1}"
EndProject
Project("{2150E333-8FDC-42A3-9474-1A3956D46DE8}") = "1.3 Business", "1.3 Business", "{928CC0AF-C7BE-4AE4-8B68-7B432B0F6449}"
EndProject
Project("{9A19103F-16F7-4668-BE54-9A1E7A4F7556}") = "Coworking.Api.Application.Contracts", "Coworking.Api.Application.Contracts\Coworking.Api.Application.Contracts.csproj", "{5FA9C688-6CDD-4B83-B3D2-C9669CE30FC1}"
EndProject
Project("{9A19103F-16F7-4668-BE54-9A1E7A4F7556}") = "Coworking.Api.Business", "Coworking.Api.Business\Coworking.Api.Business.csproj", "{4FB0E687-A7BD-4126-87ED-A111700BA0C8}"
EndProject
Project("{2150E333-8FDC-42A3-9474-1A3956D46DE8}") = "1.4 DataAccess", "1.4 DataAccess", "{EDE91401-164F-4AC3-AE2A-7BE3D1DCF153}"
EndProject
Project("{9A19103F-16F7-4668-BE54-9A1E7A4F7556}") = "Coworking.Api.DataAccess", "Coworking.Api.DataAccess\Coworking.Api.DataAccess.csproj", "{E57EF488-B0D6-43B5-AB4C-8618EA7C0686}"
EndProject
Project("{9A19103F-16F7-4668-BE54-9A1E7A4F7556}") = "Coworking.Api.DataAccess.Contracts", "Coworking.Api.DataAccess.Contracts\Coworking.Api.DataAccess.Contracts.csproj", "{586EDFC2-58C1-4BDA-AF24-7C359364C7F1}"
EndProject
Project("{2150E333-8FDC-42A3-9474-1A3956D46DE8}") = "1.5 Cross-Cutting", "1.5 Cross-Cutting", "{C24D96AA-2AF9-41E7-ACF5-D3901DE09358}"
EndProject
Project("{9A19103F-16F7-4668-BE54-9A1E7A4F7556}") = "Coworking.Api.CrossCutting", "Coworking.Api.CrossCutting\Coworking.Api.CrossCutting.csproj", "{4EC9116B-2BEF-486D-A26F-60AE8A757D12}"
EndProject
Project("{2150E333-8FDC-42A3-9474-1A3956D46DE8}") = "2 - Clients", "2 - Clients", "{E5BCCCCD-DEEC-4E42-AD81-C62C15D95572}"
EndProject
Project("{9A19103F-16F7-4668-BE54-9A1E7A4F7556}") = "ClientExample", "ClientExample\ClientExample.csproj", "{9EBADE1F-D2E4-40F5-8F42-F34FA817D222}"
EndProject
Project("{FAE04EC0-301F-11D3-BF4B-00C04F79EFBC}") = "Coworking.Api.Application.Unit.Tests", "Coworking.Api.Application.Tests\Coworking.Api.Application.Unit.Tests.csproj", "{DDC69196-F2CE-4612-A5D6-E1AD7624B79B}"
EndProject
Global
	GlobalSection(SolutionConfigurationPlatforms) = preSolution
		Debug|Any CPU = Debug|Any CPU
		Release|Any CPU = Release|Any CPU
	EndGlobalSection
	GlobalSection(ProjectConfigurationPlatforms) = postSolution
		{60F0DCC6-F2F6-456C-9E79-F36B460FB268}.Debug|Any CPU.ActiveCfg = Debug|Any CPU
		{60F0DCC6-F2F6-456C-9E79-F36B460FB268}.Debug|Any CPU.Build.0 = Debug|Any CPU
		{60F0DCC6-F2F6-456C-9E79-F36B460FB268}.Release|Any CPU.ActiveCfg = Release|Any CPU
		{60F0DCC6-F2F6-456C-9E79-F36B460FB268}.Release|Any CPU.Build.0 = Release|Any CPU
		{F2311B56-98C0-4508-A5C4-81B1FB6A0DB1}.Debug|Any CPU.ActiveCfg = Debug|Any CPU
		{F2311B56-98C0-4508-A5C4-81B1FB6A0DB1}.Debug|Any CPU.Build.0 = Debug|Any CPU
		{F2311B56-98C0-4508-A5C4-81B1FB6A0DB1}.Release|Any CPU.ActiveCfg = Release|Any CPU
		{F2311B56-98C0-4508-A5C4-81B1FB6A0DB1}.Release|Any CPU.Build.0 = Release|Any CPU
		{5FA9C688-6CDD-4B83-B3D2-C9669CE30FC1}.Debug|Any CPU.ActiveCfg = Debug|Any CPU
		{5FA9C688-6CDD-4B83-B3D2-C9669CE30FC1}.Debug|Any CPU.Build.0 = Debug|Any CPU
		{5FA9C688-6CDD-4B83-B3D2-C9669CE30FC1}.Release|Any CPU.ActiveCfg = Release|Any CPU
		{5FA9C688-6CDD-4B83-B3D2-C9669CE30FC1}.Release|Any CPU.Build.0 = Release|Any CPU
		{4FB0E687-A7BD-4126-87ED-A111700BA0C8}.Debug|Any CPU.ActiveCfg = Debug|Any CPU
		{4FB0E687-A7BD-4126-87ED-A111700BA0C8}.Debug|Any CPU.Build.0 = Debug|Any CPU
		{4FB0E687-A7BD-4126-87ED-A111700BA0C8}.Release|Any CPU.ActiveCfg = Release|Any CPU
		{4FB0E687-A7BD-4126-87ED-A111700BA0C8}.Release|Any CPU.Build.0 = Release|Any CPU
		{E57EF488-B0D6-43B5-AB4C-8618EA7C0686}.Debug|Any CPU.ActiveCfg = Debug|Any CPU
		{E57EF488-B0D6-43B5-AB4C-8618EA7C0686}.Debug|Any CPU.Build.0 = Debug|Any CPU
		{E57EF488-B0D6-43B5-AB4C-8618EA7C0686}.Release|Any CPU.ActiveCfg = Release|Any CPU
		{E57EF488-B0D6-43B5-AB4C-8618EA7C0686}.Release|Any CPU.Build.0 = Release|Any CPU
		{586EDFC2-58C1-4BDA-AF24-7C359364C7F1}.Debug|Any CPU.ActiveCfg = Debug|Any CPU
		{586EDFC2-58C1-4BDA-AF24-7C359364C7F1}.Debug|Any CPU.Build.0 = Debug|Any CPU
		{586EDFC2-58C1-4BDA-AF24-7C359364C7F1}.Release|Any CPU.ActiveCfg = Release|Any CPU
		{586EDFC2-58C1-4BDA-AF24-7C359364C7F1}.Release|Any CPU.Build.0 = Release|Any CPU
		{4EC9116B-2BEF-486D-A26F-60AE8A757D12}.Debug|Any CPU.ActiveCfg = Debug|Any CPU
		{4EC9116B-2BEF-486D-A26F-60AE8A757D12}.Debug|Any CPU.Build.0 = Debug|Any CPU
		{4EC9116B-2BEF-486D-A26F-60AE8A757D12}.Release|Any CPU.ActiveCfg = Release|Any CPU
		{4EC9116B-2BEF-486D-A26F-60AE8A757D12}.Release|Any CPU.Build.0 = Release|Any CPU
		{9EBADE1F-D2E4-40F5-8F42-F34FA817D222}.Debug|Any CPU.ActiveCfg = Debug|Any CPU
		{9EBADE1F-D2E4-40F5-8F42-F34FA817D222}.Debug|Any CPU.Build.0 = Debug|Any CPU
		{9EBADE1F-D2E4-40F5-8F42-F34FA817D222}.Release|Any CPU.ActiveCfg = Release|Any CPU
		{9EBADE1F-D2E4-40F5-8F42-F34FA817D222}.Release|Any CPU.Build.0 = Release|Any CPU
		{DDC69196-F2CE-4612-A5D6-E1AD7624B79B}.Debug|Any CPU.ActiveCfg = Debug|Any CPU
		{DDC69196-F2CE-4612-A5D6-E1AD7624B79B}.Debug|Any CPU.Build.0 = Debug|Any CPU
		{DDC69196-F2CE-4612-A5D6-E1AD7624B79B}.Release|Any CPU.ActiveCfg = Release|Any CPU
		{DDC69196-F2CE-4612-A5D6-E1AD7624B79B}.Release|Any CPU.Build.0 = Release|Any CPU
	EndGlobalSection
	GlobalSection(SolutionProperties) = preSolution
		HideSolutionNode = FALSE
	EndGlobalSection
	GlobalSection(NestedProjects) = preSolution
		{60F0DCC6-F2F6-456C-9E79-F36B460FB268} = {1969594E-FC1D-4A5D-8E4F-7B694A366683}
		{1969594E-FC1D-4A5D-8E4F-7B694A366683} = {5594D73C-D80F-47F9-B418-A96C27ADAAD5}
		{97162887-E299-45B5-AB89-258D0EB51879} = {5594D73C-D80F-47F9-B418-A96C27ADAAD5}
		{F2311B56-98C0-4508-A5C4-81B1FB6A0DB1} = {97162887-E299-45B5-AB89-258D0EB51879}
		{928CC0AF-C7BE-4AE4-8B68-7B432B0F6449} = {5594D73C-D80F-47F9-B418-A96C27ADAAD5}
		{5FA9C688-6CDD-4B83-B3D2-C9669CE30FC1} = {97162887-E299-45B5-AB89-258D0EB51879}
		{4FB0E687-A7BD-4126-87ED-A111700BA0C8} = {928CC0AF-C7BE-4AE4-8B68-7B432B0F6449}
		{EDE91401-164F-4AC3-AE2A-7BE3D1DCF153} = {5594D73C-D80F-47F9-B418-A96C27ADAAD5}
		{E57EF488-B0D6-43B5-AB4C-8618EA7C0686} = {EDE91401-164F-4AC3-AE2A-7BE3D1DCF153}
		{586EDFC2-58C1-4BDA-AF24-7C359364C7F1} = {EDE91401-164F-4AC3-AE2A-7BE3D1DCF153}
		{C24D96AA-2AF9-41E7-ACF5-D3901DE09358} = {5594D73C-D80F-47F9-B418-A96C27ADAAD5}
		{4EC9116B-2BEF-486D-A26F-60AE8A757D12} = {C24D96AA-2AF9-41E7-ACF5-D3901DE09358}
		{9EBADE1F-D2E4-40F5-8F42-F34FA817D222} = {E5BCCCCD-DEEC-4E42-AD81-C62C15D95572}
		{DDC69196-F2CE-4612-A5D6-E1AD7624B79B} = {97162887-E299-45B5-AB89-258D0EB51879}
	EndGlobalSection
	GlobalSection(ExtensibilityGlobals) = postSolution
		SolutionGuid = {D2353226-9871-4AD0-A8E3-B477AF738404}
	EndGlobalSection
EndGlobal
